
Microsoft Visual Studio Solution File, Format Version 12.00
# Visual Studio Version 16
VisualStudioVersion = 16.0.30413.136
MinimumVisualStudioVersion = 10.0.40219.1
Project("{9A19103F-16F7-4668-BE54-9A1E7A4F7556}") = "GD", "GD\GD.csproj", "{B3ACD85E-FCAD-4B01-BA58-88A965F6E63C}"
EndProject
Global
	GlobalSection(SolutionConfigurationPlatforms) = preSolution
		Debug|Any CPU = Debug|Any CPU
		Release|Any CPU = Release|Any CPU
	EndGlobalSection
	GlobalSection(ProjectConfigurationPlatforms) = postSolution
		{B3ACD85E-FCAD-4B01-BA58-88A965F6E63C}.Debug|Any CPU.ActiveCfg = Release|Any CPU
		{B3ACD85E-FCAD-4B01-BA58-88A965F6E63C}.Debug|Any CPU.Build.0 = Release|Any CPU
		{B3ACD85E-FCAD-4B01-BA58-88A965F6E63C}.Release|Any CPU.ActiveCfg = Release|Any CPU
		{B3ACD85E-FCAD-4B01-BA58-88A965F6E63C}.Release|Any CPU.Build.0 = Release|Any CPU
	EndGlobalSection
	GlobalSection(SolutionProperties) = preSolution
		HideSolutionNode = FALSE
	EndGlobalSection
	GlobalSection(ExtensibilityGlobals) = postSolution
		SolutionGuid = {B28AF0AB-4D52-4938-9E89-E6C447239F56}
	EndGlobalSection
EndGlobal
